
Microsoft Visual Studio Solution File, Format Version 12.00
# Visual Studio Version 16
VisualStudioVersion = 16.0.32510.428
MinimumVisualStudioVersion = 10.0.40219.1
Project("{9A19103F-16F7-4668-BE54-9A1E7A4F7556}") = "Servidor", "Servidor\Servidor.csproj", "{5FE614F2-DD71-4F4D-A9D5-56D601C9F2CE}"
EndProject
Project("{9A19103F-16F7-4668-BE54-9A1E7A4F7556}") = "Cliente", "Cliente\Cliente.csproj", "{C15F847A-9C7D-4AE6-A9F3-77AACC3987D6}"
EndProject
Global
	GlobalSection(SolutionConfigurationPlatforms) = preSolution
		Debug|Any CPU = Debug|Any CPU
		Release|Any CPU = Release|Any CPU
	EndGlobalSection
	GlobalSection(ProjectConfigurationPlatforms) = postSolution
		{5FE614F2-DD71-4F4D-A9D5-56D601C9F2CE}.Debug|Any CPU.ActiveCfg = Debug|Any CPU
		{5FE614F2-DD71-4F4D-A9D5-56D601C9F2CE}.Debug|Any CPU.Build.0 = Debug|Any CPU
		{5FE614F2-DD71-4F4D-A9D5-56D601C9F2CE}.Release|Any CPU.ActiveCfg = Release|Any CPU
		{5FE614F2-DD71-4F4D-A9D5-56D601C9F2CE}.Release|Any CPU.Build.0 = Release|Any CPU
		{C15F847A-9C7D-4AE6-A9F3-77AACC3987D6}.Debug|Any CPU.ActiveCfg = Debug|Any CPU
		{C15F847A-9C7D-4AE6-A9F3-77AACC3987D6}.Debug|Any CPU.Build.0 = Debug|Any CPU
		{C15F847A-9C7D-4AE6-A9F3-77AACC3987D6}.Release|Any CPU.ActiveCfg = Release|Any CPU
		{C15F847A-9C7D-4AE6-A9F3-77AACC3987D6}.Release|Any CPU.Build.0 = Release|Any CPU
	EndGlobalSection
	GlobalSection(SolutionProperties) = preSolution
		HideSolutionNode = FALSE
	EndGlobalSection
	GlobalSection(ExtensibilityGlobals) = postSolution
		SolutionGuid = {071E8624-4F4F-472B-8775-71C4E69AAE26}
	EndGlobalSection
EndGlobal
